{
    "_meta": {
        "hash": {
            "sha256": "2b369a586de5294a3235c55d4d96a3a6413aa58b0757b7b4008fa57e0fc2d9d2"
        },
        "pipfile-spec": 6,
        "requires": {
            "python_version": "3"
        },
        "sources": [
            {
                "name": "pypi",
                "url": "https://pypi.org/simple",
                "verify_ssl": true
            }
        ]
    },
    "default": {
        "attrs": {
            "hashes": [
                "sha256:29adc2665447e5191d0e7c568fde78b21f9672d344281d0c6e1ab085429b22b6",
                "sha256:86efa402f67bf2df34f51a335487cf46b1ec130d02b8d39fd248abfd30da551c"
            ],
            "markers": "python_version >= '3.5'",
            "version": "==22.1.0"
        },
        "cattrs": {
            "hashes": [
                "sha256:94b67b64cf92c994f8784c40c082177dc916e0489a73a9a36b24eb18a9db40c6",
                "sha256:d55c477b4672f93606e992049f15d526dc7867e6c756cd6256d4af92e2b1e364"
            ],
            "markers": "python_version >= '3.7' and python_version < '4.0'",
            "version": "==22.1.0"
        },
        "cdk8s": {
            "hashes": [
                "sha256:7edc2ff01f22b03d1b991b6d6419c03b86d0a349f5d7ee5d152b063f7d9735ae",
                "sha256:f2be8027bcff20aa952e4585e49e747f2c4a4833b3c4ed7b28446af4ffab2c6c"
            ],
            "index": "pypi",
            "version": "==2.3.83"
        },
        "cdk8s-image": {
            "hashes": [
                "sha256:a12dead41654cd47a10533dbd2ddde50e07820305de47fb06dfd74e5f2949f8c",
                "sha256:d130f579874b005d35b2dabab9fa22464e28861a6dc9dc826adbcebaa91af56a"
            ],
            "index": "pypi",
            "version": "==0.2.210"
        },
        "cdk8s-plus-22": {
            "hashes": [
                "sha256:7c63486d46577bdbe8240fe8b19989c1c8ab314cfef224a83fb87f5f703ac463",
                "sha256:d38e18b0ba128d038367c810871e8b8728494c76e136a3b214e9da1c20c2d299"
            ],
            "index": "pypi",
            "version": "==2.0.0rc82"
        },
        "constructs": {
            "hashes": [
                "sha256:89a428bacbc7170bc453504bb06204de4e1cd131a4eace9d13806a695af958b5",
                "sha256:bcde2f320d7acbf44b3a556dea8b8a027039de128a7da817b327aece9657858f"
            ],
            "index": "pypi",
            "version": "==10.1.75"
        },
        "exceptiongroup": {
            "hashes": [
                "sha256:6990c24f06b8d33c8065cfe43e5e8a4bfa384e0358be036af9cc60b6321bd11a",
                "sha256:ab0a968e1ef769e55d9a596f4a89f7be9ffedbc9fdefdb77cc68cf5c33ce1035"
            ],
            "markers": "python_version < '3.11'",
            "version": "==1.0.0rc8"
        },
        "jsii": {
            "hashes": [
                "sha256:5c60932bfbb39f43f91f0da5bb1f0a03d57fc906dce4238aaee35115913c44e7",
                "sha256:bf44db299165569801955acb8ac93c2f697ae73262ac990049c2289407d414d8"
            ],
            "markers": "python_version ~= '3.7'",
            "version": "==1.64.0"
        },
        "publication": {
            "hashes": [
                "sha256:0248885351febc11d8a1098d5c8e3ab2dabcf3e8c0c96db1e17ecd12b53afbe6",
                "sha256:68416a0de76dddcdd2930d1c8ef853a743cc96c82416c4e4d3b5d901c6276dc4"
            ],
            "version": "==0.0.3"
        },
        "python-dateutil": {
            "hashes": [
                "sha256:0123cacc1627ae19ddf3c27a5de5bd67ee4586fbdd6440d9748f8abb483d3e86",
                "sha256:961d03dc3453ebbc59dbdea9e4e11c5651520a876d0f4db161e8674aae935da9"
            ],
            "markers": "python_version >= '2.7' and python_version not in '3.0, 3.1, 3.2, 3.3'",
            "version": "==2.8.2"
        },
        "six": {
            "hashes": [
                "sha256:1e61c37477a1626458e36f7b1d82aa5c9b094fa4802892072e49de9c60c4c926",
                "sha256:8abb2f1d86890a2dfb989f9a77cfcfd3e47c2a354b01111771326f8aa26e0254"
            ],
            "markers": "python_version >= '2.7' and python_version not in '3.0, 3.1, 3.2, 3.3'",
            "version": "==1.16.0"
        },
        "typeguard": {
            "hashes": [
                "sha256:00edaa8da3a133674796cf5ea87d9f4b4c367d77476e185e80251cc13dfbb8c4",
                "sha256:5e3e3be01e887e7eafae5af63d1f36c849aaa94e3a0112097312aabfa16284f1"
            ],
            "markers": "python_full_version >= '3.5.3'",
            "version": "==2.13.3"
        },
        "typing-extensions": {
            "hashes": [
                "sha256:25642c956049920a5aa49edcdd6ab1e06d7e5d467fc00e0506c44ac86fbfca02",
                "sha256:e6d2677a32f47fc7eb2795db1dd15c1f34eff616bcaf2cfb5e997f854fa1c4a6"
            ],
            "markers": "python_version >= '3.7'",
            "version": "==4.3.0"
        }
    },
    "develop": {}
}
